
Microsoft Visual Studio Solution File, Format Version 12.00
# Visual Studio 15
VisualStudioVersion = 15.0.27428.2002
MinimumVisualStudioVersion = 10.0.40219.1
Project("{FAE04EC0-301F-11D3-BF4B-00C04F79EFBC}") = "FinancialPortal", "FinancialPortal\FinancialPortal.csproj", "{B7244C32-7EF5-48EC-B83A-0A50B4E14952}"
EndProject
Global
	GlobalSection(SolutionConfigurationPlatforms) = preSolution
		Debug|Any CPU = Debug|Any CPU
		Release|Any CPU = Release|Any CPU
	EndGlobalSection
	GlobalSection(ProjectConfigurationPlatforms) = postSolution
		{B7244C32-7EF5-48EC-B83A-0A50B4E14952}.Debug|Any CPU.ActiveCfg = Debug|Any CPU
		{B7244C32-7EF5-48EC-B83A-0A50B4E14952}.Debug|Any CPU.Build.0 = Debug|Any CPU
		{B7244C32-7EF5-48EC-B83A-0A50B4E14952}.Release|Any CPU.ActiveCfg = Release|Any CPU
		{B7244C32-7EF5-48EC-B83A-0A50B4E14952}.Release|Any CPU.Build.0 = Release|Any CPU
	EndGlobalSection
	GlobalSection(SolutionProperties) = preSolution
		HideSolutionNode = FALSE
	EndGlobalSection
	GlobalSection(ExtensibilityGlobals) = postSolution
		SolutionGuid = {F6CAAE24-0E43-4301-AECE-C2C5E3A1D6DB}
	EndGlobalSection
EndGlobal
